
Microsoft Visual Studio Solution File, Format Version 12.00
# Visual Studio Version 17
VisualStudioVersion = 17.0.31912.275
MinimumVisualStudioVersion = 10.0.40219.1
Project("{FAE04EC0-301F-11D3-BF4B-00C04F79EFBC}") = "BilanganPrima", "BilanganPrima\BilanganPrima.csproj", "{A8238F61-41F3-4A33-8601-687737989CC2}"
EndProject
Global
	GlobalSection(SolutionConfigurationPlatforms) = preSolution
		Debug|Any CPU = Debug|Any CPU
		Release|Any CPU = Release|Any CPU
	EndGlobalSection
	GlobalSection(ProjectConfigurationPlatforms) = postSolution
		{A8238F61-41F3-4A33-8601-687737989CC2}.Debug|Any CPU.ActiveCfg = Debug|Any CPU
		{A8238F61-41F3-4A33-8601-687737989CC2}.Debug|Any CPU.Build.0 = Debug|Any CPU
		{A8238F61-41F3-4A33-8601-687737989CC2}.Release|Any CPU.ActiveCfg = Release|Any CPU
		{A8238F61-41F3-4A33-8601-687737989CC2}.Release|Any CPU.Build.0 = Release|Any CPU
	EndGlobalSection
	GlobalSection(SolutionProperties) = preSolution
		HideSolutionNode = FALSE
	EndGlobalSection
	GlobalSection(ExtensibilityGlobals) = postSolution
		SolutionGuid = {F7F5C225-103E-49AA-86ED-175297FB60DE}
	EndGlobalSection
EndGlobal
